// !$*UTF8*$!
{
	archiveVersion = 1;
	classes = {
	};
	objectVersion = 55;
	objects = {

/* Begin PBXBuildFile section */
		617C593927B8567500EE89EF /* SurveyApp.swift in Sources */ = {isa = PBXBuildFile; fileRef = 617C593827B8567500EE89EF /* SurveyApp.swift */; };
		617C593B27B8567500EE89EF /* ContentView.swift in Sources */ = {isa = PBXBuildFile; fileRef = 617C593A27B8567500EE89EF /* ContentView.swift */; };
		617C593D27B8567700EE89EF /* Assets.xcassets in Resources */ = {isa = PBXBuildFile; fileRef = 617C593C27B8567700EE89EF /* Assets.xcassets */; };
		617C594027B8567700EE89EF /* Preview Assets.xcassets in Resources */ = {isa = PBXBuildFile; fileRef = 617C593F27B8567700EE89EF /* Preview Assets.xcassets */; };
		617C594A27B8567700EE89EF /* SurveyTests.swift in Sources */ = {isa = PBXBuildFile; fileRef = 617C594927B8567700EE89EF /* SurveyTests.swift */; };
		617C595427B8567700EE89EF /* SurveyUITests.swift in Sources */ = {isa = PBXBuildFile; fileRef = 617C595327B8567700EE89EF /* SurveyUITests.swift */; };
		617C595627B8567700EE89EF /* SurveyUITestsLaunchTests.swift in Sources */ = {isa = PBXBuildFile; fileRef = 617C595527B8567700EE89EF /* SurveyUITestsLaunchTests.swift */; };
/* End PBXBuildFile section */

/* Begin PBXContainerItemProxy section */
		617C594627B8567700EE89EF /* PBXContainerItemProxy */ = {
			isa = PBXContainerItemProxy;
			containerPortal = 617C592D27B8567500EE89EF /* Project object */;
			proxyType = 1;
			remoteGlobalIDString = 617C593427B8567500EE89EF;
			remoteInfo = Survey;
		};
		617C595027B8567700EE89EF /* PBXContainerItemProxy */ = {
			isa = PBXContainerItemProxy;
			containerPortal = 617C592D27B8567500EE89EF /* Project object */;
			proxyType = 1;
			remoteGlobalIDString = 617C593427B8567500EE89EF;
			remoteInfo = Survey;
		};
/* End PBXContainerItemProxy section */

/* Begin PBXFileReference section */
		617C593527B8567500EE89EF /* Survey.app */ = {isa = PBXFileReference; explicitFileType = wrapper.application; includeInIndex = 0; path = Survey.app; sourceTree = BUILT_PRODUCTS_DIR; };
		617C593827B8567500EE89EF /* SurveyApp.swift */ = {isa = PBXFileReference; lastKnownFileType = sourcecode.swift; path = SurveyApp.swift; sourceTree = "<group>"; };
		617C593A27B8567500EE89EF /* ContentView.swift */ = {isa = PBXFileReference; lastKnownFileType = sourcecode.swift; path = ContentView.swift; sourceTree = "<group>"; };
		617C593C27B8567700EE89EF /* Assets.xcassets */ = {isa = PBXFileReference; lastKnownFileType = folder.assetcatalog; path = Assets.xcassets; sourceTree = "<group>"; };
		617C593F27B8567700EE89EF /* Preview Assets.xcassets */ = {isa = PBXFileReference; lastKnownFileType = folder.assetcatalog; path = "Preview Assets.xcassets"; sourceTree = "<group>"; };
		617C594527B8567700EE89EF /* SurveyTests.xctest */ = {isa = PBXFileReference; explicitFileType = wrapper.cfbundle; includeInIndex = 0; path = SurveyTests.xctest; sourceTree = BUILT_PRODUCTS_DIR; };
		617C594927B8567700EE89EF /* SurveyTests.swift */ = {isa = PBXFileReference; lastKnownFileType = sourcecode.swift; path = SurveyTests.swift; sourceTree = "<group>"; };
		617C594F27B8567700EE89EF /* SurveyUITests.xctest */ = {isa = PBXFileReference; explicitFileType = wrapper.cfbundle; includeInIndex = 0; path = SurveyUITests.xctest; sourceTree = BUILT_PRODUCTS_DIR; };
		617C595327B8567700EE89EF /* SurveyUITests.swift */ = {isa = PBXFileReference; lastKnownFileType = sourcecode.swift; path = SurveyUITests.swift; sourceTree = "<group>"; };
		617C595527B8567700EE89EF /* SurveyUITestsLaunchTests.swift */ = {isa = PBXFileReference; lastKnownFileType = sourcecode.swift; path = SurveyUITestsLaunchTests.swift; sourceTree = "<group>"; };
/* End PBXFileReference section */

/* Begin PBXFrameworksBuildPhase section */
		617C593227B8567500EE89EF /* Frameworks */ = {
			isa = PBXFrameworksBuildPhase;
			buildActionMask = 2147483647;
			files = (
			);
			runOnlyForDeploymentPostprocessing = 0;
		};
		617C594227B8567700EE89EF /* Frameworks */ = {
			isa = PBXFrameworksBuildPhase;
			buildActionMask = 2147483647;
			files = (
			);
			runOnlyForDeploymentPostprocessing = 0;
		};
		617C594C27B8567700EE89EF /* Frameworks */ = {
			isa = PBXFrameworksBuildPhase;
			buildActionMask = 2147483647;
			files = (
			);
			runOnlyForDeploymentPostprocessing = 0;
		};
/* End PBXFrameworksBuildPhase section */

/* Begin PBXGroup section */
		617C592C27B8567500EE89EF = {
			isa = PBXGroup;
			children = (
				617C593727B8567500EE89EF /* Survey */,
				617C594827B8567700EE89EF /* SurveyTests */,
				617C595227B8567700EE89EF /* SurveyUITests */,
				617C593627B8567500EE89EF /* Products */,
			);
			sourceTree = "<group>";
		};
		617C593627B8567500EE89EF /* Products */ = {
			isa = PBXGroup;
			children = (
				617C593527B8567500EE89EF /* Survey.app */,
				617C594527B8567700EE89EF /* SurveyTests.xctest */,
				617C594F27B8567700EE89EF /* SurveyUITests.xctest */,
			);
			name = Products;
			sourceTree = "<group>";
		};
		617C593727B8567500EE89EF /* Survey */ = {
			isa = PBXGroup;
			children = (
				617C593827B8567500EE89EF /* SurveyApp.swift */,
				617C593A27B8567500EE89EF /* ContentView.swift */,
				617C593C27B8567700EE89EF /* Assets.xcassets */,
				617C593E27B8567700EE89EF /* Preview Content */,
			);
			path = Survey;
			sourceTree = "<group>";
		};
		617C593E27B8567700EE89EF /* Preview Content */ = {
			isa = PBXGroup;
			children = (
				617C593F27B8567700EE89EF /* Preview Assets.xcassets */,
			);
			path = "Preview Content";
			sourceTree = "<group>";
		};
		617C594827B8567700EE89EF /* SurveyTests */ = {
			isa = PBXGroup;
			children = (
				617C594927B8567700EE89EF /* SurveyTests.swift */,
			);
			path = SurveyTests;
			sourceTree = "<group>";
		};
		617C595227B8567700EE89EF /* SurveyUITests */ = {
			isa = PBXGroup;
			children = (
				617C595327B8567700EE89EF /* SurveyUITests.swift */,
				617C595527B8567700EE89EF /* SurveyUITestsLaunchTests.swift */,
			);
			path = SurveyUITests;
			sourceTree = "<group>";
		};
/* End PBXGroup section */

/* Begin PBXNativeTarget section */
		617C593427B8567500EE89EF /* Survey */ = {
			isa = PBXNativeTarget;
			buildConfigurationList = 617C595927B8567700EE89EF /* Build configuration list for PBXNativeTarget "Survey" */;
			buildPhases = (
				617C593127B8567500EE89EF /* Sources */,
				617C593227B8567500EE89EF /* Frameworks */,
				617C593327B8567500EE89EF /* Resources */,
			);
			buildRules = (
			);
			dependencies = (
			);
			name = Survey;
			productName = Survey;
			productReference = 617C593527B8567500EE89EF /* Survey.app */;
			productType = "com.apple.product-type.application";
		};
		617C594427B8567700EE89EF /* SurveyTests */ = {
			isa = PBXNativeTarget;
			buildConfigurationList = 617C595C27B8567700EE89EF /* Build configuration list for PBXNativeTarget "SurveyTests" */;
			buildPhases = (
				617C594127B8567700EE89EF /* Sources */,
				617C594227B8567700EE89EF /* Frameworks */,
				617C594327B8567700EE89EF /* Resources */,
			);
			buildRules = (
			);
			dependencies = (
				617C594727B8567700EE89EF /* PBXTargetDependency */,
			);
			name = SurveyTests;
			productName = SurveyTests;
			productReference = 617C594527B8567700EE89EF /* SurveyTests.xctest */;
			productType = "com.apple.product-type.bundle.unit-test";
		};
		617C594E27B8567700EE89EF /* SurveyUITests */ = {
			isa = PBXNativeTarget;
			buildConfigurationList = 617C595F27B8567700EE89EF /* Build configuration list for PBXNativeTarget "SurveyUITests" */;
			buildPhases = (
				617C594B27B8567700EE89EF /* Sources */,
				617C594C27B8567700EE89EF /* Frameworks */,
				617C594D27B8567700EE89EF /* Resources */,
			);
			buildRules = (
			);
			dependencies = (
				617C595127B8567700EE89EF /* PBXTargetDependency */,
			);
			name = SurveyUITests;
			productName = SurveyUITests;
			productReference = 617C594F27B8567700EE89EF /* SurveyUITests.xctest */;
			productType = "com.apple.product-type.bundle.ui-testing";
		};
/* End PBXNativeTarget section */

/* Begin PBXProject section */
		617C592D27B8567500EE89EF /* Project object */ = {
			isa = PBXProject;
			attributes = {
				BuildIndependentTargetsInParallel = 1;
				LastSwiftUpdateCheck = 1320;
				LastUpgradeCheck = 1320;
				TargetAttributes = {
					617C593427B8567500EE89EF = {
						CreatedOnToolsVersion = 13.2.1;
					};
					617C594427B8567700EE89EF = {
						CreatedOnToolsVersion = 13.2.1;
						TestTargetID = 617C593427B8567500EE89EF;
					};
					617C594E27B8567700EE89EF = {
						CreatedOnToolsVersion = 13.2.1;
						TestTargetID = 617C593427B8567500EE89EF;
					};
				};
			};
			buildConfigurationList = 617C593027B8567500EE89EF /* Build configuration list for PBXProject "Survey" */;
			compatibilityVersion = "Xcode 13.0";
			developmentRegion = en;
			hasScannedForEncodings = 0;
			knownRegions = (
				en,
				Base,
			);
			mainGroup = 617C592C27B8567500EE89EF;
			productRefGroup = 617C593627B8567500EE89EF /* Products */;
			projectDirPath = "";
			projectRoot = "";
			targets = (
				617C593427B8567500EE89EF /* Survey */,
				617C594427B8567700EE89EF /* SurveyTests */,
				617C594E27B8567700EE89EF /* SurveyUITests */,
			);
		};
/* End PBXProject section */

/* Begin PBXResourcesBuildPhase section */
		617C593327B8567500EE89EF /* Resources */ = {
			isa = PBXResourcesBuildPhase;
			buildActionMask = 2147483647;
			files = (
				617C594027B8567700EE89EF /* Preview Assets.xcassets in Resources */,
				617C593D27B8567700EE89EF /* Assets.xcassets in Resources */,
			);
			runOnlyForDeploymentPostprocessing = 0;
		};
		617C594327B8567700EE89EF /* Resources */ = {
			isa = PBXResourcesBuildPhase;
			buildActionMask = 2147483647;
			files = (
			);
			runOnlyForDeploymentPostprocessing = 0;
		};
		617C594D27B8567700EE89EF /* Resources */ = {
			isa = PBXResourcesBuildPhase;
			buildActionMask = 2147483647;
			files = (
			);
			runOnlyForDeploymentPostprocessing = 0;
		};
/* End PBXResourcesBuildPhase section */

/* Begin PBXSourcesBuildPhase section */
		617C593127B8567500EE89EF /* Sources */ = {
			isa = PBXSourcesBuildPhase;
			buildActionMask = 2147483647;
			files = (
				617C593B27B8567500EE89EF /* ContentView.swift in Sources */,
				617C593927B8567500EE89EF /* SurveyApp.swift in Sources */,
			);
			runOnlyForDeploymentPostprocessing = 0;
		};
		617C594127B8567700EE89EF /* Sources */ = {
			isa = PBXSourcesBuildPhase;
			buildActionMask = 2147483647;
			files = (
				617C594A27B8567700EE89EF /* SurveyTests.swift in Sources */,
			);
			runOnlyForDeploymentPostprocessing = 0;
		};
		617C594B27B8567700EE89EF /* Sources */ = {
			isa = PBXSourcesBuildPhase;
			buildActionMask = 2147483647;
			files = (
				617C595627B8567700EE89EF /* SurveyUITestsLaunchTests.swift in Sources */,
				617C595427B8567700EE89EF /* SurveyUITests.swift in Sources */,
			);
			runOnlyForDeploymentPostprocessing = 0;
		};
/* End PBXSourcesBuildPhase section */

/* Begin PBXTargetDependency section */
		617C594727B8567700EE89EF /* PBXTargetDependency */ = {
			isa = PBXTargetDependency;
			target = 617C593427B8567500EE89EF /* Survey */;
			targetProxy = 617C594627B8567700EE89EF /* PBXContainerItemProxy */;
		};
		617C595127B8567700EE89EF /* PBXTargetDependency */ = {
			isa = PBXTargetDependency;
			target = 617C593427B8567500EE89EF /* Survey */;
			targetProxy = 617C595027B8567700EE89EF /* PBXContainerItemProxy */;
		};
/* End PBXTargetDependency section */

/* Begin XCBuildConfiguration section */
		617C595727B8567700EE89EF /* Debug */ = {
			isa = XCBuildConfiguration;
			buildSettings = {
				ALWAYS_SEARCH_USER_PATHS = NO;
				CLANG_ANALYZER_NONNULL = YES;
				CLANG_ANALYZER_NUMBER_OBJECT_CONVERSION = YES_AGGRESSIVE;
				CLANG_CXX_LANGUAGE_STANDARD = "gnu++17";
				CLANG_CXX_LIBRARY = "libc++";
				CLANG_ENABLE_MODULES = YES;
				CLANG_ENABLE_OBJC_ARC = YES;
				CLANG_ENABLE_OBJC_WEAK = YES;
				CLANG_WARN_BLOCK_CAPTURE_AUTORELEASING = YES;
				CLANG_WARN_BOOL_CONVERSION = YES;
				CLANG_WARN_COMMA = YES;
				CLANG_WARN_CONSTANT_CONVERSION = YES;
				CLANG_WARN_DEPRECATED_OBJC_IMPLEMENTATIONS = YES;
				CLANG_WARN_DIRECT_OBJC_ISA_USAGE = YES_ERROR;
				CLANG_WARN_DOCUMENTATION_COMMENTS = YES;
				CLANG_WARN_EMPTY_BODY = YES;
				CLANG_WARN_ENUM_CONVERSION = YES;
				CLANG_WARN_INFINITE_RECURSION = YES;
				CLANG_WARN_INT_CONVERSION = YES;
				CLANG_WARN_NON_LITERAL_NULL_CONVERSION = YES;
				CLANG_WARN_OBJC_IMPLICIT_RETAIN_SELF = YES;
				CLANG_WARN_OBJC_LITERAL_CONVERSION = YES;
				CLANG_WARN_OBJC_ROOT_CLASS = YES_ERROR;
				CLANG_WARN_QUOTED_INCLUDE_IN_FRAMEWORK_HEADER = YES;
				CLANG_WARN_RANGE_LOOP_ANALYSIS = YES;
				CLANG_WARN_STRICT_PROTOTYPES = YES;
				CLANG_WARN_SUSPICIOUS_MOVE = YES;
				CLANG_WARN_UNGUARDED_AVAILABILITY = YES_AGGRESSIVE;
				CLANG_WARN_UNREACHABLE_CODE = YES;
				CLANG_WARN__DUPLICATE_METHOD_MATCH = YES;
				COPY_PHASE_STRIP = NO;
				DEBUG_INFORMATION_FORMAT = dwarf;
				ENABLE_STRICT_OBJC_MSGSEND = YES;
				ENABLE_TESTABILITY = YES;
				GCC_C_LANGUAGE_STANDARD = gnu11;
				GCC_DYNAMIC_NO_PIC = NO;
				GCC_NO_COMMON_BLOCKS = YES;
				GCC_OPTIMIZATION_LEVEL = 0;
				GCC_PREPROCESSOR_DEFINITIONS = (
					"DEBUG=1",
					"$(inherited)",
				);
				GCC_WARN_64_TO_32_BIT_CONVERSION = YES;
				GCC_WARN_ABOUT_RETURN_TYPE = YES_ERROR;
				GCC_WARN_UNDECLARED_SELECTOR = YES;
				GCC_WARN_UNINITIALIZED_AUTOS = YES_AGGRESSIVE;
				GCC_WARN_UNUSED_FUNCTION = YES;
				GCC_WARN_UNUSED_VARIABLE = YES;
				IPHONEOS_DEPLOYMENT_TARGET = 15.2;
				MTL_ENABLE_DEBUG_INFO = INCLUDE_SOURCE;
				MTL_FAST_MATH = YES;
				ONLY_ACTIVE_ARCH = YES;
				SDKROOT = iphoneos;
				SWIFT_ACTIVE_COMPILATION_CONDITIONS = DEBUG;
				SWIFT_OPTIMIZATION_LEVEL = "-Onone";
			};
			name = Debug;
		};
		617C595827B8567700EE89EF /* Release */ = {
			isa = XCBuildConfiguration;
			buildSettings = {
				ALWAYS_SEARCH_USER_PATHS = NO;
				CLANG_ANALYZER_NONNULL = YES;
				CLANG_ANALYZER_NUMBER_OBJECT_CONVERSION = YES_AGGRESSIVE;
				CLANG_CXX_LANGUAGE_STANDARD = "gnu++17";
				CLANG_CXX_LIBRARY = "libc++";
				CLANG_ENABLE_MODULES = YES;
				CLANG_ENABLE_OBJC_ARC = YES;
				CLANG_ENABLE_OBJC_WEAK = YES;
				CLANG_WARN_BLOCK_CAPTURE_AUTORELEASING = YES;
				CLANG_WARN_BOOL_CONVERSION = YES;
				CLANG_WARN_COMMA = YES;
				CLANG_WARN_CONSTANT_CONVERSION = YES;
				CLANG_WARN_DEPRECATED_OBJC_IMPLEMENTATIONS = YES;
				CLANG_WARN_DIRECT_OBJC_ISA_USAGE = YES_ERROR;
				CLANG_WARN_DOCUMENTATION_COMMENTS = YES;
				CLANG_WARN_EMPTY_BODY = YES;
				CLANG_WARN_ENUM_CONVERSION = YES;
				CLANG_WARN_INFINITE_RECURSION = YES;
				CLANG_WARN_INT_CONVERSION = YES;
				CLANG_WARN_NON_LITERAL_NULL_CONVERSION = YES;
				CLANG_WARN_OBJC_IMPLICIT_RETAIN_SELF = YES;
				CLANG_WARN_OBJC_LITERAL_CONVERSION = YES;
				CLANG_WARN_OBJC_ROOT_CLASS = YES_ERROR;
				CLANG_WARN_QUOTED_INCLUDE_IN_FRAMEWORK_HEADER = YES;
				CLANG_WARN_RANGE_LOOP_ANALYSIS = YES;
				CLANG_WARN_STRICT_PROTOTYPES = YES;
				CLANG_WARN_SUSPICIOUS_MOVE = YES;
				CLANG_WARN_UNGUARDED_AVAILABILITY = YES_AGGRESSIVE;
				CLANG_WARN_UNREACHABLE_CODE = YES;
				CLANG_WARN__DUPLICATE_METHOD_MATCH = YES;
				COPY_PHASE_STRIP = NO;
				DEBUG_INFORMATION_FORMAT = "dwarf-with-dsym";
				ENABLE_NS_ASSERTIONS = NO;
				ENABLE_STRICT_OBJC_MSGSEND = YES;
				GCC_C_LANGUAGE_STANDARD = gnu11;
				GCC_NO_COMMON_BLOCKS = YES;
				GCC_WARN_64_TO_32_BIT_CONVERSION = YES;
				GCC_WARN_ABOUT_RETURN_TYPE = YES_ERROR;
				GCC_WARN_UNDECLARED_SELECTOR = YES;
				GCC_WARN_UNINITIALIZED_AUTOS = YES_AGGRESSIVE;
				GCC_WARN_UNUSED_FUNCTION = YES;
				GCC_WARN_UNUSED_VARIABLE = YES;
				IPHONEOS_DEPLOYMENT_TARGET = 15.2;
				MTL_ENABLE_DEBUG_INFO = NO;
				MTL_FAST_MATH = YES;
				SDKROOT = iphoneos;
				SWIFT_COMPILATION_MODE = wholemodule;
				SWIFT_OPTIMIZATION_LEVEL = "-O";
				VALIDATE_PRODUCT = YES;
			};
			name = Release;
		};
		617C595A27B8567700EE89EF /* Debug */ = {
			isa = XCBuildConfiguration;
			buildSettings = {
				ASSETCATALOG_COMPILER_APPICON_NAME = AppIcon;
				ASSETCATALOG_COMPILER_GLOBAL_ACCENT_COLOR_NAME = AccentColor;
				CODE_SIGN_STYLE = Automatic;
				CURRENT_PROJECT_VERSION = 1;
				DEVELOPMENT_ASSET_PATHS = "\"Survey/Preview Content\"";
				DEVELOPMENT_TEAM = UTPBB2L3B4;
				ENABLE_PREVIEWS = YES;
				GENERATE_INFOPLIST_FILE = YES;
				INFOPLIST_KEY_UIApplicationSceneManifest_Generation = YES;
				INFOPLIST_KEY_UIApplicationSupportsIndirectInputEvents = YES;
				INFOPLIST_KEY_UILaunchScreen_Generation = YES;
				INFOPLIST_KEY_UISupportedInterfaceOrientations_iPad = "UIInterfaceOrientationPortrait UIInterfaceOrientationPortraitUpsideDown UIInterfaceOrientationLandscapeLeft UIInterfaceOrientationLandscapeRight";
				INFOPLIST_KEY_UISupportedInterfaceOrientations_iPhone = "UIInterfaceOrientationPortrait UIInterfaceOrientationLandscapeLeft UIInterfaceOrientationLandscapeRight";
				LD_RUNPATH_SEARCH_PATHS = (
					"$(inherited)",
					"@executable_path/Frameworks",
				);
				MARKETING_VERSION = 1.0;
				PRODUCT_BUNDLE_IDENTIFIER = GymChimp.Survey;
				PRODUCT_NAME = "$(TARGET_NAME)";
				SWIFT_EMIT_LOC_STRINGS = YES;
				SWIFT_VERSION = 5.0;
				TARGETED_DEVICE_FAMILY = "1,2";
			};
			name = Debug;
		};
		617C595B27B8567700EE89EF /* Release */ = {
			isa = XCBuildConfiguration;
			buildSettings = {
				ASSETCATALOG_COMPILER_APPICON_NAME = AppIcon;
				ASSETCATALOG_COMPILER_GLOBAL_ACCENT_COLOR_NAME = AccentColor;
				CODE_SIGN_STYLE = Automatic;
				CURRENT_PROJECT_VERSION = 1;
				DEVELOPMENT_ASSET_PATHS = "\"Survey/Preview Content\"";
				DEVELOPMENT_TEAM = UTPBB2L3B4;
				ENABLE_PREVIEWS = YES;
				GENERATE_INFOPLIST_FILE = YES;
				INFOPLIST_KEY_UIApplicationSceneManifest_Generation = YES;
				INFOPLIST_KEY_UIApplicationSupportsIndirectInputEvents = YES;
				INFOPLIST_KEY_UILaunchScreen_Generation = YES;
				INFOPLIST_KEY_UISupportedInterfaceOrientations_iPad = "UIInterfaceOrientationPortrait UIInterfaceOrientationPortraitUpsideDown UIInterfaceOrientationLandscapeLeft UIInterfaceOrientationLandscapeRight";
				INFOPLIST_KEY_UISupportedInterfaceOrientations_iPhone = "UIInterfaceOrientationPortrait UIInterfaceOrientationLandscapeLeft UIInterfaceOrientationLandscapeRight";
				LD_RUNPATH_SEARCH_PATHS = (
					"$(inherited)",
					"@executable_path/Frameworks",
				);
				MARKETING_VERSION = 1.0;
				PRODUCT_BUNDLE_IDENTIFIER = GymChimp.Survey;
				PRODUCT_NAME = "$(TARGET_NAME)";
				SWIFT_EMIT_LOC_STRINGS = YES;
				SWIFT_VERSION = 5.0;
				TARGETED_DEVICE_FAMILY = "1,2";
			};
			name = Release;
		};
		617C595D27B8567700EE89EF /* Debug */ = {
			isa = XCBuildConfiguration;
			buildSettings = {
				ALWAYS_EMBED_SWIFT_STANDARD_LIBRARIES = YES;
				BUNDLE_LOADER = "$(TEST_HOST)";
				CODE_SIGN_STYLE = Automatic;
				CURRENT_PROJECT_VERSION = 1;
				DEVELOPMENT_TEAM = UTPBB2L3B4;
				GENERATE_INFOPLIST_FILE = YES;
				IPHONEOS_DEPLOYMENT_TARGET = 15.2;
				MARKETING_VERSION = 1.0;
				PRODUCT_BUNDLE_IDENTIFIER = GymChimp.SurveyTests;
				PRODUCT_NAME = "$(TARGET_NAME)";
				SWIFT_EMIT_LOC_STRINGS = NO;
				SWIFT_VERSION = 5.0;
				TARGETED_DEVICE_FAMILY = "1,2";
				TEST_HOST = "$(BUILT_PRODUCTS_DIR)/Survey.app/Survey";
			};
			name = Debug;
		};
		617C595E27B8567700EE89EF /* Release */ = {
			isa = XCBuildConfiguration;
			buildSettings = {
				ALWAYS_EMBED_SWIFT_STANDARD_LIBRARIES = YES;
				BUNDLE_LOADER = "$(TEST_HOST)";
				CODE_SIGN_STYLE = Automatic;
				CURRENT_PROJECT_VERSION = 1;
				DEVELOPMENT_TEAM = UTPBB2L3B4;
				GENERATE_INFOPLIST_FILE = YES;
				IPHONEOS_DEPLOYMENT_TARGET = 15.2;
				MARKETING_VERSION = 1.0;
				PRODUCT_BUNDLE_IDENTIFIER = GymChimp.SurveyTests;
				PRODUCT_NAME = "$(TARGET_NAME)";
				SWIFT_EMIT_LOC_STRINGS = NO;
				SWIFT_VERSION = 5.0;
				TARGETED_DEVICE_FAMILY = "1,2";
				TEST_HOST = "$(BUILT_PRODUCTS_DIR)/Survey.app/Survey";
			};
			name = Release;
		};
		617C596027B8567700EE89EF /* Debug */ = {
			isa = XCBuildConfiguration;
			buildSettings = {
				ALWAYS_EMBED_SWIFT_STANDARD_LIBRARIES = YES;
				CODE_SIGN_STYLE = Automatic;
				CURRENT_PROJECT_VERSION = 1;
				DEVELOPMENT_TEAM = UTPBB2L3B4;
				GENERATE_INFOPLIST_FILE = YES;
				MARKETING_VERSION = 1.0;
				PRODUCT_BUNDLE_IDENTIFIER = GymChimp.SurveyUITests;
				PRODUCT_NAME = "$(TARGET_NAME)";
				SWIFT_EMIT_LOC_STRINGS = NO;
				SWIFT_VERSION = 5.0;
				TARGETED_DEVICE_FAMILY = "1,2";
				TEST_TARGET_NAME = Survey;
			};
			name = Debug;
		};
		617C596127B8567700EE89EF /* Release */ = {
			isa = XCBuildConfiguration;
			buildSettings = {
				ALWAYS_EMBED_SWIFT_STANDARD_LIBRARIES = YES;
				CODE_SIGN_STYLE = Automatic;
				CURRENT_PROJECT_VERSION = 1;
				DEVELOPMENT_TEAM = UTPBB2L3B4;
				GENERATE_INFOPLIST_FILE = YES;
				MARKETING_VERSION = 1.0;
				PRODUCT_BUNDLE_IDENTIFIER = GymChimp.SurveyUITests;
				PRODUCT_NAME = "$(TARGET_NAME)";
				SWIFT_EMIT_LOC_STRINGS = NO;
				SWIFT_VERSION = 5.0;
				TARGETED_DEVICE_FAMILY = "1,2";
				TEST_TARGET_NAME = Survey;
			};
			name = Release;
		};
/* End XCBuildConfiguration section */

/* Begin XCConfigurationList section */
		617C593027B8567500EE89EF /* Build configuration list for PBXProject "Survey" */ = {
			isa = XCConfigurationList;
			buildConfigurations = (
				617C595727B8567700EE89EF /* Debug */,
				617C595827B8567700EE89EF /* Release */,
			);
			defaultConfigurationIsVisible = 0;
			defaultConfigurationName = Release;
		};
		617C595927B8567700EE89EF /* Build configuration list for PBXNativeTarget "Survey" */ = {
			isa = XCConfigurationList;
			buildConfigurations = (
				617C595A27B8567700EE89EF /* Debug */,
				617C595B27B8567700EE89EF /* Release */,
			);
			defaultConfigurationIsVisible = 0;
			defaultConfigurationName = Release;
		};
		617C595C27B8567700EE89EF /* Build configuration list for PBXNativeTarget "SurveyTests" */ = {
			isa = XCConfigurationList;
			buildConfigurations = (
				617C595D27B8567700EE89EF /* Debug */,
				617C595E27B8567700EE89EF /* Release */,
			);
			defaultConfigurationIsVisible = 0;
			defaultConfigurationName = Release;
		};
		617C595F27B8567700EE89EF /* Build configuration list for PBXNativeTarget "SurveyUITests" */ = {
			isa = XCConfigurationList;
			buildConfigurations = (
				617C596027B8567700EE89EF /* Debug */,
				617C596127B8567700EE89EF /* Release */,
			);
			defaultConfigurationIsVisible = 0;
			defaultConfigurationName = Release;
		};
/* End XCConfigurationList section */
	};
	rootObject = 617C592D27B8567500EE89EF /* Project object */;
}
